
Microsoft Visual Studio Solution File, Format Version 12.00
Project("{FAE04EC0-301F-11D3-BF4B-00C04F79EFBC}") = "HxcWeb", "HxcWeb.csproj", "{5AFC745C-3457-4445-B740-60A3AF74E5E9}"
EndProject
Project("{FAE04EC0-301F-11D3-BF4B-00C04F79EFBC}") = "HxcUi", "..\HxcUi\HxcUi.csproj", "{9897BC34-B2C8-49BD-84EB-5C3196A69DF5}"
EndProject
Global
	GlobalSection(SolutionConfigurationPlatforms) = preSolution
		Debug|Any CPU = Debug|Any CPU
		Release|Any CPU = Release|Any CPU
	EndGlobalSection
	GlobalSection(ProjectConfigurationPlatforms) = postSolution
		{5AFC745C-3457-4445-B740-60A3AF74E5E9}.Debug|Any CPU.ActiveCfg = Debug|Any CPU
		{5AFC745C-3457-4445-B740-60A3AF74E5E9}.Debug|Any CPU.Build.0 = Debug|Any CPU
		{5AFC745C-3457-4445-B740-60A3AF74E5E9}.Release|Any CPU.ActiveCfg = Release|Any CPU
		{5AFC745C-3457-4445-B740-60A3AF74E5E9}.Release|Any CPU.Build.0 = Release|Any CPU
		{9897BC34-B2C8-49BD-84EB-5C3196A69DF5}.Debug|Any CPU.ActiveCfg = Debug|Any CPU
		{9897BC34-B2C8-49BD-84EB-5C3196A69DF5}.Debug|Any CPU.Build.0 = Debug|Any CPU
		{9897BC34-B2C8-49BD-84EB-5C3196A69DF5}.Release|Any CPU.ActiveCfg = Release|Any CPU
		{9897BC34-B2C8-49BD-84EB-5C3196A69DF5}.Release|Any CPU.Build.0 = Release|Any CPU
	EndGlobalSection
EndGlobal
